
Microsoft Visual Studio Solution File, Format Version 12.00
# Visual Studio Version 17
VisualStudioVersion = 17.3.32811.315
MinimumVisualStudioVersion = 10.0.40219.1
Project("{FAE04EC0-301F-11D3-BF4B-00C04F79EFBC}") = "statePrac", "statePrac.csproj", "{984DC4D7-887E-415F-B8A9-E83D8AE626FC}"
EndProject
Global
	GlobalSection(SolutionConfigurationPlatforms) = preSolution
		Debug|Any CPU = Debug|Any CPU
		Release|Any CPU = Release|Any CPU
	EndGlobalSection
	GlobalSection(ProjectConfigurationPlatforms) = postSolution
		{984DC4D7-887E-415F-B8A9-E83D8AE626FC}.Debug|Any CPU.ActiveCfg = Debug|Any CPU
		{984DC4D7-887E-415F-B8A9-E83D8AE626FC}.Debug|Any CPU.Build.0 = Debug|Any CPU
		{984DC4D7-887E-415F-B8A9-E83D8AE626FC}.Release|Any CPU.ActiveCfg = Release|Any CPU
		{984DC4D7-887E-415F-B8A9-E83D8AE626FC}.Release|Any CPU.Build.0 = Release|Any CPU
	EndGlobalSection
	GlobalSection(SolutionProperties) = preSolution
		HideSolutionNode = FALSE
	EndGlobalSection
	GlobalSection(ExtensibilityGlobals) = postSolution
		SolutionGuid = {D0906865-F6CC-4FFF-B407-5651BC033ABB}
	EndGlobalSection
EndGlobal
